
Microsoft Visual Studio Solution File, Format Version 12.00
# Visual Studio 15
VisualStudioVersion = 15.0.28307.1758
MinimumVisualStudioVersion = 10.0.40219.1
Project("{FAE04EC0-301F-11D3-BF4B-00C04F79EFBC}") = "VaccinceSlotChecker", "VacinceSlotChecker\VaccinceSlotChecker.csproj", "{D53B4573-20D4-4869-84BF-B194F350F212}"
EndProject
Global
	GlobalSection(SolutionConfigurationPlatforms) = preSolution
		Debug|Any CPU = Debug|Any CPU
		Release|Any CPU = Release|Any CPU
	EndGlobalSection
	GlobalSection(ProjectConfigurationPlatforms) = postSolution
		{D53B4573-20D4-4869-84BF-B194F350F212}.Debug|Any CPU.ActiveCfg = Debug|Any CPU
		{D53B4573-20D4-4869-84BF-B194F350F212}.Debug|Any CPU.Build.0 = Debug|Any CPU
		{D53B4573-20D4-4869-84BF-B194F350F212}.Release|Any CPU.ActiveCfg = Release|Any CPU
		{D53B4573-20D4-4869-84BF-B194F350F212}.Release|Any CPU.Build.0 = Release|Any CPU
	EndGlobalSection
	GlobalSection(SolutionProperties) = preSolution
		HideSolutionNode = FALSE
	EndGlobalSection
	GlobalSection(ExtensibilityGlobals) = postSolution
		SolutionGuid = {047F4D1D-20CE-498F-9965-6050A813FE73}
	EndGlobalSection
EndGlobal
